{
  "name": "coin_frontend",
  "version": "1.0.0",
  "lockfileVersion": 1,
  "requires": true,
  "dependencies": {
    "jsencrypt": {
      "version": "3.2.0",
      "resolved": "https://registry.nlark.com/jsencrypt/download/jsencrypt-3.2.0.tgz?cache=0&sync_timestamp=1619388058064&other_urls=https%3A%2F%2Fregistry.nlark.com%2Fjsencrypt%2Fdownload%2Fjsencrypt-3.2.0.tgz",
      "integrity": "sha1-CSQqq/GYQWXc12mP5u0WO+d8Bfg="
    }
  }
}
